
Microsoft Visual Studio Solution File, Format Version 12.00
# Visual Studio Version 16
VisualStudioVersion = 16.0.30907.101
MinimumVisualStudioVersion = 10.0.40219.1
Project("{FAE04EC0-301F-11D3-BF4B-00C04F79EFBC}") = "yum", "yum\yum.csproj", "{751B3533-CEA6-41CF-9711-53CBEF92DB77}"
EndProject
Global
	GlobalSection(SolutionConfigurationPlatforms) = preSolution
		Debug|Any CPU = Debug|Any CPU
		Release|Any CPU = Release|Any CPU
	EndGlobalSection
	GlobalSection(ProjectConfigurationPlatforms) = postSolution
		{751B3533-CEA6-41CF-9711-53CBEF92DB77}.Debug|Any CPU.ActiveCfg = Debug|Any CPU
		{751B3533-CEA6-41CF-9711-53CBEF92DB77}.Debug|Any CPU.Build.0 = Debug|Any CPU
		{751B3533-CEA6-41CF-9711-53CBEF92DB77}.Release|Any CPU.ActiveCfg = Release|Any CPU
		{751B3533-CEA6-41CF-9711-53CBEF92DB77}.Release|Any CPU.Build.0 = Release|Any CPU
	EndGlobalSection
	GlobalSection(SolutionProperties) = preSolution
		HideSolutionNode = FALSE
	EndGlobalSection
	GlobalSection(ExtensibilityGlobals) = postSolution
		SolutionGuid = {C7EDBC78-603F-4D61-91C2-8752A293CAA3}
	EndGlobalSection
EndGlobal
